
Microsoft Visual Studio Solution File, Format Version 12.00
# Visual Studio Version 17
VisualStudioVersion = 17.2.32526.322
MinimumVisualStudioVersion = 10.0.40219.1
Project("{2150E333-8FDC-42A3-9474-1A3956D46DE8}") = "src", "src", "{B8F010BC-4496-4EDA-98EB-5BB7A54ECEBF}"
EndProject
Project("{9A19103F-16F7-4668-BE54-9A1E7A4F7556}") = "Cql.Middleware.Impl", "src\Cql.Middleware.Impl\Cql.Middleware.Impl.csproj", "{FE34BC98-F5AD-4C7E-A311-393BCBD81677}"
EndProject
Project("{9A19103F-16F7-4668-BE54-9A1E7A4F7556}") = "Cql.Middleware.Library", "src\Cql.Middleware.Library\Cql.Middleware.Library.csproj", "{ABC5090D-10AC-4837-8EBA-5B30921472B8}"
EndProject
Project("{9A19103F-16F7-4668-BE54-9A1E7A4F7556}") = "Winzer.Repo", "Winzer.Repo\Winzer.Repo.csproj", "{4EF73627-4BCB-4320-B64A-5C36E8D6AF6C}"
EndProject
Project("{9A19103F-16F7-4668-BE54-9A1E7A4F7556}") = "Winzer.Core", "Winzer.Core\Winzer.Core.csproj", "{951809DC-4366-47CE-9F94-5E8E495160E7}"
EndProject
Project("{9A19103F-16F7-4668-BE54-9A1E7A4F7556}") = "Winzer.ShopifyMiddleware.ProductFeedConsoleApp", "Winzer.ShopifyMiddleware.ProductFeedConsoleApp\Winzer.ShopifyMiddleware.ProductFeedConsoleApp.csproj", "{E3C55608-565F-484E-8516-2E0E52664E7D}"
EndProject
Project("{9A19103F-16F7-4668-BE54-9A1E7A4F7556}") = "Winzer.Impl", "src\Winzer.Impl\Winzer.Impl.csproj", "{490D671B-30A8-416B-9395-3B8126DF0254}"
EndProject
Project("{9A19103F-16F7-4668-BE54-9A1E7A4F7556}") = "Winzer.Library", "src\Winzer.Library\Winzer.Library.csproj", "{BC6862E8-EFC3-45A6-B6DB-F52129FC6887}"
EndProject
Project("{9A19103F-16F7-4668-BE54-9A1E7A4F7556}") = "Winzer.ShopifyMiddleware.PriceFeedConsoleApp", "Winzer.ShopifyMiddleware.PriceFeedConsoleApp\Winzer.ShopifyMiddleware.PriceFeedConsoleApp.csproj", "{3840B312-B4F0-43B0-8C92-D8F028716A7D}"
EndProject
Project("{2150E333-8FDC-42A3-9474-1A3956D46DE8}") = "SolutionItems", "SolutionItems", "{E1BB6326-9A0E-44E4-B471-4FC983A14486}"
	ProjectSection(SolutionItems) = preProject
		DatabaseCreationScript.sql = DatabaseCreationScript.sql
	EndProjectSection
EndProject
Global
	GlobalSection(SolutionConfigurationPlatforms) = preSolution
		Debug|Any CPU = Debug|Any CPU
		Release|Any CPU = Release|Any CPU
	EndGlobalSection
	GlobalSection(ProjectConfigurationPlatforms) = postSolution
		{FE34BC98-F5AD-4C7E-A311-393BCBD81677}.Debug|Any CPU.ActiveCfg = Debug|Any CPU
		{FE34BC98-F5AD-4C7E-A311-393BCBD81677}.Debug|Any CPU.Build.0 = Debug|Any CPU
		{FE34BC98-F5AD-4C7E-A311-393BCBD81677}.Release|Any CPU.ActiveCfg = Release|Any CPU
		{FE34BC98-F5AD-4C7E-A311-393BCBD81677}.Release|Any CPU.Build.0 = Release|Any CPU
		{ABC5090D-10AC-4837-8EBA-5B30921472B8}.Debug|Any CPU.ActiveCfg = Debug|Any CPU
		{ABC5090D-10AC-4837-8EBA-5B30921472B8}.Debug|Any CPU.Build.0 = Debug|Any CPU
		{ABC5090D-10AC-4837-8EBA-5B30921472B8}.Release|Any CPU.ActiveCfg = Release|Any CPU
		{ABC5090D-10AC-4837-8EBA-5B30921472B8}.Release|Any CPU.Build.0 = Release|Any CPU
		{4EF73627-4BCB-4320-B64A-5C36E8D6AF6C}.Debug|Any CPU.ActiveCfg = Debug|Any CPU
		{4EF73627-4BCB-4320-B64A-5C36E8D6AF6C}.Debug|Any CPU.Build.0 = Debug|Any CPU
		{4EF73627-4BCB-4320-B64A-5C36E8D6AF6C}.Release|Any CPU.ActiveCfg = Release|Any CPU
		{4EF73627-4BCB-4320-B64A-5C36E8D6AF6C}.Release|Any CPU.Build.0 = Release|Any CPU
		{951809DC-4366-47CE-9F94-5E8E495160E7}.Debug|Any CPU.ActiveCfg = Debug|Any CPU
		{951809DC-4366-47CE-9F94-5E8E495160E7}.Debug|Any CPU.Build.0 = Debug|Any CPU
		{951809DC-4366-47CE-9F94-5E8E495160E7}.Release|Any CPU.ActiveCfg = Release|Any CPU
		{951809DC-4366-47CE-9F94-5E8E495160E7}.Release|Any CPU.Build.0 = Release|Any CPU
		{E3C55608-565F-484E-8516-2E0E52664E7D}.Debug|Any CPU.ActiveCfg = Debug|Any CPU
		{E3C55608-565F-484E-8516-2E0E52664E7D}.Debug|Any CPU.Build.0 = Debug|Any CPU
		{E3C55608-565F-484E-8516-2E0E52664E7D}.Release|Any CPU.ActiveCfg = Release|Any CPU
		{E3C55608-565F-484E-8516-2E0E52664E7D}.Release|Any CPU.Build.0 = Release|Any CPU
		{490D671B-30A8-416B-9395-3B8126DF0254}.Debug|Any CPU.ActiveCfg = Debug|Any CPU
		{490D671B-30A8-416B-9395-3B8126DF0254}.Debug|Any CPU.Build.0 = Debug|Any CPU
		{490D671B-30A8-416B-9395-3B8126DF0254}.Release|Any CPU.ActiveCfg = Release|Any CPU
		{490D671B-30A8-416B-9395-3B8126DF0254}.Release|Any CPU.Build.0 = Release|Any CPU
		{BC6862E8-EFC3-45A6-B6DB-F52129FC6887}.Debug|Any CPU.ActiveCfg = Debug|Any CPU
		{BC6862E8-EFC3-45A6-B6DB-F52129FC6887}.Debug|Any CPU.Build.0 = Debug|Any CPU
		{BC6862E8-EFC3-45A6-B6DB-F52129FC6887}.Release|Any CPU.ActiveCfg = Release|Any CPU
		{BC6862E8-EFC3-45A6-B6DB-F52129FC6887}.Release|Any CPU.Build.0 = Release|Any CPU
		{3840B312-B4F0-43B0-8C92-D8F028716A7D}.Debug|Any CPU.ActiveCfg = Debug|Any CPU
		{3840B312-B4F0-43B0-8C92-D8F028716A7D}.Debug|Any CPU.Build.0 = Debug|Any CPU
		{3840B312-B4F0-43B0-8C92-D8F028716A7D}.Release|Any CPU.ActiveCfg = Release|Any CPU
		{3840B312-B4F0-43B0-8C92-D8F028716A7D}.Release|Any CPU.Build.0 = Release|Any CPU
	EndGlobalSection
	GlobalSection(SolutionProperties) = preSolution
		HideSolutionNode = FALSE
	EndGlobalSection
	GlobalSection(NestedProjects) = preSolution
		{FE34BC98-F5AD-4C7E-A311-393BCBD81677} = {B8F010BC-4496-4EDA-98EB-5BB7A54ECEBF}
		{ABC5090D-10AC-4837-8EBA-5B30921472B8} = {B8F010BC-4496-4EDA-98EB-5BB7A54ECEBF}
		{4EF73627-4BCB-4320-B64A-5C36E8D6AF6C} = {B8F010BC-4496-4EDA-98EB-5BB7A54ECEBF}
		{951809DC-4366-47CE-9F94-5E8E495160E7} = {B8F010BC-4496-4EDA-98EB-5BB7A54ECEBF}
		{490D671B-30A8-416B-9395-3B8126DF0254} = {B8F010BC-4496-4EDA-98EB-5BB7A54ECEBF}
		{BC6862E8-EFC3-45A6-B6DB-F52129FC6887} = {B8F010BC-4496-4EDA-98EB-5BB7A54ECEBF}
	EndGlobalSection
	GlobalSection(ExtensibilityGlobals) = postSolution
		SolutionGuid = {F21B6D06-400F-4C29-9798-FE63220D206A}
	EndGlobalSection
EndGlobal
